github.com/julienschmidt/httprouter v1.3.0 h1:U0609e9tgbseu3rBINet9P48AI/D3oJs4dN7jwJOQ1U=
github.com/julienschmidt/httprouter v1.3.0/go.mod h1:JR6WtHb+2LUe8TCKY3cZOxFyyO8IZAc4RVcycCCAKdM=
github.com/sunshineplan/cipher v1.0.8 h1:ej4l3fOANug9kwvMmVXsNaAbZMRtS+xp1Wi4cVNRypI=
github.com/sunshineplan/cipher v1.0.8/go.mod h1:lwKJh5Shs++WVtKHJKYIZFEie78J3rmK0lqzn4Zdpvs=
github.com/sunshineplan/metadata v1.1.2 h1:QaVM9vILH4v9zf0nl6n3fUT3JFcsVQUWA+vjx4kxMQY=
github.com/sunshineplan/metadata v1.1.2/go.mod h1:AMRz7H4/Y8eXXid010zVj2oe19FADG36Ao7Sqjf51g8=
github.com/sunshineplan/service v1.0.24 h1:Ma+75ZUUmMjucWg98aJIJFntLgo0TNsVPeWUuZYIOMo=
github.com/sunshineplan/service v1.0.24/go.mod h1:XJwWAFNd4gEYHl47KgG2zhm2Y8e5RN/En0vIpqd7C4U=
github.com/sunshineplan/utils v0.1.82 h1:GmRfNLxhsKfkroRHZHTdxNE9GcF77t5+A2rLOZnwtmM=
github.com/sunshineplan/utils v0.1.82/go.mod h1:R7MInPRKnExzzNGJ9qY1W0+11P/3jc6IO5ICuGDPA1w=
golang.org/x/sys v0.37.0 h1:fdNQudmxPjkdUTPnLn5mdQv7Zwvbvpaxqs831goi9kQ=
golang.org/x/sys v0.37.0/go.mod h1:OgkHotnGiDImocRcuBABYBEXf8A9a87e/uXjp9XT3ks=
