github.com/go-mail/mail v2.3.1+incompatible h1:UzNOn0k5lpfVtO31cK3hn6I4VEVGhe3lX8AJBAxXExM=
github.com/go-mail/mail v2.3.1+incompatible/go.mod h1:VPWjmmNyRsWXQZHVHT3g0YbIINUkSmuKOiLIDkWbL6M=
github.com/julienschmidt/httprouter v1.3.0 h1:U0609e9tgbseu3rBINet9P48AI/D3oJs4dN7jwJOQ1U=
github.com/julienschmidt/httprouter v1.3.0/go.mod h1:JR6WtHb+2LUe8TCKY3cZOxFyyO8IZAc4RVcycCCAKdM=
github.com/sunshineplan/service v0.0.0-20210205062753-c0b8e361f671 h1:g4w3z676f43L92P+jbXsApVWTdVfTP58iT7SxITg7Cs=
github.com/sunshineplan/service v0.0.0-20210205062753-c0b8e361f671/go.mod h1:5toRZ0t2LQSFT9Lbi7xklpZuRu0F/RC+fbPr/AxsmSA=
github.com/sunshineplan/utils v0.0.0-20210204043226-e62f7f5c2218 h1:xUDmyFghCIYZdhKYXUzahqry3UNSWBjcCPeRuIUv6hQ=
github.com/sunshineplan/utils v0.0.0-20210204043226-e62f7f5c2218/go.mod h1:fJ8/Fjbd50RwQ8/wxBmBgkuDHfcXrCJu6c/iRsgkYok=
github.com/vharitonsky/iniflags v0.0.0-20180513140207-a33cd0b5f3de h1:fkw+7JkxF3U1GzQoX9h69Wvtvxajo5Rbzy6+YMMzPIg=
github.com/vharitonsky/iniflags v0.0.0-20180513140207-a33cd0b5f3de/go.mod h1:irMhzlTz8+fVFj6CH2AN2i+WI5S6wWFtK3MBCIxIpyI=
golang.org/x/sys v0.0.0-20210124154548-22da62e12c0c h1:VwygUrnw9jn88c4u8GD3rZQbqrP/tgas88tPUbBxQrk=
golang.org/x/sys v0.0.0-20210124154548-22da62e12c0c/go.mod h1:h1NjWce9XRLGQEsW7wpKNCjG9DtNlClVuFLEZdDNbEs=
